
Microsoft Visual Studio Solution File, Format Version 12.00
# Visual Studio 15
VisualStudioVersion = 15.0.28307.1209
MinimumVisualStudioVersion = 10.0.40219.1
Project("{8BC9CEB8-8B4A-11D0-8D11-00A0C91BC942}") = "lists", "lists\lists.vcxproj", "{E613F160-0C04-4474-8209-2BD3FDD9DEE8}"
EndProject
Global
	GlobalSection(SolutionConfigurationPlatforms) = preSolution
		Debug|x64 = Debug|x64
		Debug|x86 = Debug|x86
		Release|x64 = Release|x64
		Release|x86 = Release|x86
	EndGlobalSection
	GlobalSection(ProjectConfigurationPlatforms) = postSolution
		{E613F160-0C04-4474-8209-2BD3FDD9DEE8}.Debug|x64.ActiveCfg = Debug|x64
		{E613F160-0C04-4474-8209-2BD3FDD9DEE8}.Debug|x64.Build.0 = Debug|x64
		{E613F160-0C04-4474-8209-2BD3FDD9DEE8}.Debug|x86.ActiveCfg = Debug|Win32
		{E613F160-0C04-4474-8209-2BD3FDD9DEE8}.Debug|x86.Build.0 = Debug|Win32
		{E613F160-0C04-4474-8209-2BD3FDD9DEE8}.Release|x64.ActiveCfg = Release|x64
		{E613F160-0C04-4474-8209-2BD3FDD9DEE8}.Release|x64.Build.0 = Release|x64
		{E613F160-0C04-4474-8209-2BD3FDD9DEE8}.Release|x86.ActiveCfg = Release|Win32
		{E613F160-0C04-4474-8209-2BD3FDD9DEE8}.Release|x86.Build.0 = Release|Win32
	EndGlobalSection
	GlobalSection(SolutionProperties) = preSolution
		HideSolutionNode = FALSE
	EndGlobalSection
	GlobalSection(ExtensibilityGlobals) = postSolution
		SolutionGuid = {2F2C70A7-D0F5-46A2-A6D9-C877991CB3E5}
	EndGlobalSection
EndGlobal
